
Microsoft Visual Studio Solution File, Format Version 12.00
# Visual Studio Version 16
VisualStudioVersion = 16.0.30413.136
MinimumVisualStudioVersion = 10.0.40219.1
Project("{888888A0-9F3D-457C-B088-3A5042F75D52}") = "primes", "primes\primes.pyproj", "{03C7E85E-E61C-4992-85D4-115989C1AE5F}"
EndProject
Global
	GlobalSection(SolutionConfigurationPlatforms) = preSolution
		Debug|Any CPU = Debug|Any CPU
		Release|Any CPU = Release|Any CPU
	EndGlobalSection
	GlobalSection(ProjectConfigurationPlatforms) = postSolution
		{03C7E85E-E61C-4992-85D4-115989C1AE5F}.Debug|Any CPU.ActiveCfg = Debug|Any CPU
		{03C7E85E-E61C-4992-85D4-115989C1AE5F}.Release|Any CPU.ActiveCfg = Release|Any CPU
	EndGlobalSection
	GlobalSection(SolutionProperties) = preSolution
		HideSolutionNode = FALSE
	EndGlobalSection
	GlobalSection(ExtensibilityGlobals) = postSolution
		SolutionGuid = {02EC6968-C7EC-4EF1-A4BE-EEE95EA3E378}
	EndGlobalSection
EndGlobal
